<?xml version="1.0" encoding="utf-8"?>
<Project ToolsVersion="4.0" xmlns="http://schemas.microsoft.com/developer/msbuild/2003">
  <ItemGroup>
    <Filter Include="Source Files">
      <UniqueIdentifier>{4FC737F1-C7A5-4376-A066-2A32D752A2FF}</UniqueIdentifier>
      <Extensions>cpp;c;cc;cxx;def;odl;idl;hpj;bat;asm;asmx</Extensions>
    </Filter>
    <Filter Include="Header Files">
      <UniqueIdentifier>{93995380-89BD-4b04-88EB-625FBE52EBFB}</UniqueIdentifier>
      <Extensions>h;hpp;hxx;hm;inl;inc;xsd</Extensions>
    </Filter>
  </ItemGroup>
  <ItemGroup>
    <ClInclude Include="myopts.h">
      <Filter>Header Files</Filter>
    </ClInclude>
    <ClInclude Include="myutils.h">
      <Filter>Header Files</Filter>
    </ClInclude>
    <ClInclude Include="seqdb.h">
      <Filter>Header Files</Filter>
    </ClInclude>
    <ClInclude Include="fastaseqsource.h">
      <Filter>Header Files</Filter>
    </ClInclude>
    <ClInclude Include="fastqseqsource.h">
      <Filter>Header Files</Filter>
    </ClInclude>
    <ClInclude Include="seqsource.h">
      <Filter>Header Files</Filter>
    </ClInclude>
    <ClInclude Include="seqinfo.h">
      <Filter>Header Files</Filter>
    </ClInclude>
    <ClInclude Include="objmgr.h">
      <Filter>Header Files</Filter>
    </ClInclude>
    <ClInclude Include="fastq.h">
      <Filter>Header Files</Filter>
    </ClInclude>
    <ClInclude Include="alpha.h">
      <Filter>Header Files</Filter>
    </ClInclude>
    <ClInclude Include="obj.h">
      <Filter>Header Files</Filter>
    </ClInclude>
    <ClInclude Include="lockobj.h">
      <Filter>Header Files</Filter>
    </ClInclude>
    <ClInclude Include="fileseqsource.h">
      <Filter>Header Files</Filter>
    </ClInclude>
    <ClInclude Include="linereader.h">
      <Filter>Header Files</Filter>
    </ClInclude>
    <ClInclude Include="cmds.h">
      <Filter>Header Files</Filter>
    </ClInclude>
    <ClInclude Include="alndata.h">
      <Filter>Header Files</Filter>
    </ClInclude>
    <ClInclude Include="tracebit.h">
      <Filter>Header Files</Filter>
    </ClInclude>
    <ClInclude Include="pathinfo.h">
      <Filter>Header Files</Filter>
    </ClInclude>
  </ItemGroup>
  <ItemGroup>
    <ClCompile Include="circuclust_main.cpp">
      <Filter>Source Files</Filter>
    </ClCompile>
    <ClCompile Include="myutils.cpp">
      <Filter>Source Files</Filter>
    </ClCompile>
    <ClCompile Include="seqdb.cpp">
      <Filter>Source Files</Filter>
    </ClCompile>
    <ClCompile Include="fastaseqsource.cpp">
      <Filter>Source Files</Filter>
    </ClCompile>
    <ClCompile Include="fastqseqsource.cpp">
      <Filter>Source Files</Filter>
    </ClCompile>
    <ClCompile Include="seqsource.cpp">
      <Filter>Source Files</Filter>
    </ClCompile>
    <ClCompile Include="seqinfo.cpp">
      <Filter>Source Files</Filter>
    </ClCompile>
    <ClCompile Include="objmgr.cpp">
      <Filter>Source Files</Filter>
    </ClCompile>
    <ClCompile Include="fastq.cpp">
      <Filter>Source Files</Filter>
    </ClCompile>
    <ClCompile Include="alpha.cpp">
      <Filter>Source Files</Filter>
    </ClCompile>
    <ClCompile Include="lockobj.cpp">
      <Filter>Source Files</Filter>
    </ClCompile>
    <ClCompile Include="fileseqsource.cpp">
      <Filter>Source Files</Filter>
    </ClCompile>
    <ClCompile Include="linereader.cpp">
      <Filter>Source Files</Filter>
    </ClCompile>
    <ClCompile Include="filetype.cpp">
      <Filter>Source Files</Filter>
    </ClCompile>
    <ClCompile Include="seqdbfromfasta.cpp">
      <Filter>Source Files</Filter>
    </ClCompile>
    <ClCompile Include="usort.cpp">
      <Filter>Source Files</Filter>
    </ClCompile>
    <ClCompile Include="partition.cpp">
      <Filter>Source Files</Filter>
    </ClCompile>
    <ClCompile Include="sfasta.cpp">
      <Filter>Source Files</Filter>
    </ClCompile>
    <ClCompile Include="cluster.cpp">
      <Filter>Source Files</Filter>
    </ClCompile>
    <ClCompile Include="pathinfo.cpp">
      <Filter>Source Files</Filter>
    </ClCompile>
    <ClCompile Include="viterbifastmem.cpp">
      <Filter>Source Files</Filter>
    </ClCompile>
    <ClCompile Include="mx.cpp">
      <Filter>Source Files</Filter>
    </ClCompile>
    <ClCompile Include="tracebackbitmem.cpp">
      <Filter>Source Files</Filter>
    </ClCompile>
    <ClCompile Include="alignpair.cpp">
      <Filter>Source Files</Filter>
    </ClCompile>
    <ClCompile Include="revcompseq.cpp">
      <Filter>Source Files</Filter>
    </ClCompile>
    <ClCompile Include="align.cpp">
      <Filter>Source Files</Filter>
    </ClCompile>
    <ClCompile Include="writealn.cpp">
      <Filter>Source Files</Filter>
    </ClCompile>
    <ClCompile Include="alndata.cpp">
      <Filter>Source Files</Filter>
    </ClCompile>
    <ClCompile Include="overhangs.cpp">
      <Filter>Source Files</Filter>
    </ClCompile>
    <ClCompile Include="substmx.cpp">
      <Filter>Source Files</Filter>
    </ClCompile>
    <ClCompile Include="search.cpp">
      <Filter>Source Files</Filter>
    </ClCompile>
    <ClCompile Include="rotatelongorf.cpp">
      <Filter>Source Files</Filter>
    </ClCompile>
    <ClCompile Include="rotate.cpp">
      <Filter>Source Files</Filter>
    </ClCompile>
    <ClCompile Include="codes.cpp">
      <Filter>Source Files</Filter>
    </ClCompile>
    <ClCompile Include="translator.cpp">
      <Filter>Source Files</Filter>
    </ClCompile>
  </ItemGroup>
</Project>